
Microsoft Visual Studio Solution File, Format Version 12.00
# Visual Studio Version 17
VisualStudioVersion = 17.3.32929.385
MinimumVisualStudioVersion = 10.0.40219.1
Project("{FAE04EC0-301F-11D3-BF4B-00C04F79EFBC}") = "Api", "Api\Api.csproj", "{990CD915-6503-4860-B7E4-8C067C9D7099}"
EndProject
Project("{FAE04EC0-301F-11D3-BF4B-00C04F79EFBC}") = "Models", "Models\Models.csproj", "{5051736D-4593-4729-8887-8A86AFB5A239}"
EndProject
Project("{FAE04EC0-301F-11D3-BF4B-00C04F79EFBC}") = "Database", "Database\Database.csproj", "{D8EE12C8-60AC-4371-A209-F26CC054CB4F}"
EndProject
Project("{FAE04EC0-301F-11D3-BF4B-00C04F79EFBC}") = "Services", "Services\Services.csproj", "{22AF3171-B12B-4B1C-A85D-F346E5ED0561}"
EndProject
Project("{FAE04EC0-301F-11D3-BF4B-00C04F79EFBC}") = "Tests", "Tests\Tests.csproj", "{D9B63E7D-2E5A-45E6-B569-60D4605BBDA5}"
EndProject
Global
	GlobalSection(SolutionConfigurationPlatforms) = preSolution
		Debug|Any CPU = Debug|Any CPU
		Release|Any CPU = Release|Any CPU
	EndGlobalSection
	GlobalSection(ProjectConfigurationPlatforms) = postSolution
		{990CD915-6503-4860-B7E4-8C067C9D7099}.Debug|Any CPU.ActiveCfg = Debug|Any CPU
		{990CD915-6503-4860-B7E4-8C067C9D7099}.Debug|Any CPU.Build.0 = Debug|Any CPU
		{990CD915-6503-4860-B7E4-8C067C9D7099}.Release|Any CPU.ActiveCfg = Release|Any CPU
		{990CD915-6503-4860-B7E4-8C067C9D7099}.Release|Any CPU.Build.0 = Release|Any CPU
		{5051736D-4593-4729-8887-8A86AFB5A239}.Debug|Any CPU.ActiveCfg = Debug|Any CPU
		{5051736D-4593-4729-8887-8A86AFB5A239}.Debug|Any CPU.Build.0 = Debug|Any CPU
		{5051736D-4593-4729-8887-8A86AFB5A239}.Release|Any CPU.ActiveCfg = Release|Any CPU
		{5051736D-4593-4729-8887-8A86AFB5A239}.Release|Any CPU.Build.0 = Release|Any CPU
		{D8EE12C8-60AC-4371-A209-F26CC054CB4F}.Debug|Any CPU.ActiveCfg = Debug|Any CPU
		{D8EE12C8-60AC-4371-A209-F26CC054CB4F}.Debug|Any CPU.Build.0 = Debug|Any CPU
		{D8EE12C8-60AC-4371-A209-F26CC054CB4F}.Release|Any CPU.ActiveCfg = Release|Any CPU
		{D8EE12C8-60AC-4371-A209-F26CC054CB4F}.Release|Any CPU.Build.0 = Release|Any CPU
		{22AF3171-B12B-4B1C-A85D-F346E5ED0561}.Debug|Any CPU.ActiveCfg = Debug|Any CPU
		{22AF3171-B12B-4B1C-A85D-F346E5ED0561}.Debug|Any CPU.Build.0 = Debug|Any CPU
		{22AF3171-B12B-4B1C-A85D-F346E5ED0561}.Release|Any CPU.ActiveCfg = Release|Any CPU
		{22AF3171-B12B-4B1C-A85D-F346E5ED0561}.Release|Any CPU.Build.0 = Release|Any CPU
		{D9B63E7D-2E5A-45E6-B569-60D4605BBDA5}.Debug|Any CPU.ActiveCfg = Debug|Any CPU
		{D9B63E7D-2E5A-45E6-B569-60D4605BBDA5}.Debug|Any CPU.Build.0 = Debug|Any CPU
		{D9B63E7D-2E5A-45E6-B569-60D4605BBDA5}.Release|Any CPU.ActiveCfg = Release|Any CPU
		{D9B63E7D-2E5A-45E6-B569-60D4605BBDA5}.Release|Any CPU.Build.0 = Release|Any CPU
	EndGlobalSection
	GlobalSection(SolutionProperties) = preSolution
		HideSolutionNode = FALSE
	EndGlobalSection
	GlobalSection(ExtensibilityGlobals) = postSolution
		SolutionGuid = {1063A0F6-64DA-4692-B18A-D1CE5638456A}
	EndGlobalSection
EndGlobal
